
Microsoft Visual Studio Solution File, Format Version 12.00
# Visual Studio Version 17
VisualStudioVersion = 17.0.31903.59
MinimumVisualStudioVersion = 10.0.40219.1
Project("{FAE04EC0-301F-11D3-BF4B-00C04F79EFBC}") = "GamingChallenges.Infrastructure", "GamingChallenges.Infrastructure\GamingChallenges.Infrastructure.csproj", "{D22B27F7-6C87-4A37-B499-48085AB68435}"
EndProject
Project("{FAE04EC0-301F-11D3-BF4B-00C04F79EFBC}") = "GamingChallenges.Domain", "GamingChallenges.Domain\GamingChallenges.Domain.csproj", "{50A10268-8761-43EB-8CDA-6E4DB9B1254C}"
EndProject
Project("{FAE04EC0-301F-11D3-BF4B-00C04F79EFBC}") = "GamingChallenges.API", "GamingChallenges.API\GamingChallenges.API.csproj", "{A869D462-3E5D-45AA-83B5-260D35D8676F}"
EndProject
Project("{FAE04EC0-301F-11D3-BF4B-00C04F79EFBC}") = "GamingChallenges.Application", "GamingChallenges.Application\GamingChallenges.Application.csproj", "{86C1F405-3A6B-4D04-84F1-8707C82F5901}"
EndProject
Global
	GlobalSection(SolutionConfigurationPlatforms) = preSolution
		Debug|Any CPU = Debug|Any CPU
		Debug|x64 = Debug|x64
		Debug|x86 = Debug|x86
		Release|Any CPU = Release|Any CPU
		Release|x64 = Release|x64
		Release|x86 = Release|x86
	EndGlobalSection
	GlobalSection(ProjectConfigurationPlatforms) = postSolution
		{D22B27F7-6C87-4A37-B499-48085AB68435}.Debug|Any CPU.ActiveCfg = Debug|Any CPU
		{D22B27F7-6C87-4A37-B499-48085AB68435}.Debug|Any CPU.Build.0 = Debug|Any CPU
		{D22B27F7-6C87-4A37-B499-48085AB68435}.Debug|x64.ActiveCfg = Debug|Any CPU
		{D22B27F7-6C87-4A37-B499-48085AB68435}.Debug|x64.Build.0 = Debug|Any CPU
		{D22B27F7-6C87-4A37-B499-48085AB68435}.Debug|x86.ActiveCfg = Debug|Any CPU
		{D22B27F7-6C87-4A37-B499-48085AB68435}.Debug|x86.Build.0 = Debug|Any CPU
		{D22B27F7-6C87-4A37-B499-48085AB68435}.Release|Any CPU.ActiveCfg = Release|Any CPU
		{D22B27F7-6C87-4A37-B499-48085AB68435}.Release|Any CPU.Build.0 = Release|Any CPU
		{D22B27F7-6C87-4A37-B499-48085AB68435}.Release|x64.ActiveCfg = Release|Any CPU
		{D22B27F7-6C87-4A37-B499-48085AB68435}.Release|x64.Build.0 = Release|Any CPU
		{D22B27F7-6C87-4A37-B499-48085AB68435}.Release|x86.ActiveCfg = Release|Any CPU
		{D22B27F7-6C87-4A37-B499-48085AB68435}.Release|x86.Build.0 = Release|Any CPU
		{50A10268-8761-43EB-8CDA-6E4DB9B1254C}.Debug|Any CPU.ActiveCfg = Debug|Any CPU
		{50A10268-8761-43EB-8CDA-6E4DB9B1254C}.Debug|Any CPU.Build.0 = Debug|Any CPU
		{50A10268-8761-43EB-8CDA-6E4DB9B1254C}.Debug|x64.ActiveCfg = Debug|Any CPU
		{50A10268-8761-43EB-8CDA-6E4DB9B1254C}.Debug|x64.Build.0 = Debug|Any CPU
		{50A10268-8761-43EB-8CDA-6E4DB9B1254C}.Debug|x86.ActiveCfg = Debug|Any CPU
		{50A10268-8761-43EB-8CDA-6E4DB9B1254C}.Debug|x86.Build.0 = Debug|Any CPU
		{50A10268-8761-43EB-8CDA-6E4DB9B1254C}.Release|Any CPU.ActiveCfg = Release|Any CPU
		{50A10268-8761-43EB-8CDA-6E4DB9B1254C}.Release|Any CPU.Build.0 = Release|Any CPU
		{50A10268-8761-43EB-8CDA-6E4DB9B1254C}.Release|x64.ActiveCfg = Release|Any CPU
		{50A10268-8761-43EB-8CDA-6E4DB9B1254C}.Release|x64.Build.0 = Release|Any CPU
		{50A10268-8761-43EB-8CDA-6E4DB9B1254C}.Release|x86.ActiveCfg = Release|Any CPU
		{50A10268-8761-43EB-8CDA-6E4DB9B1254C}.Release|x86.Build.0 = Release|Any CPU
		{A869D462-3E5D-45AA-83B5-260D35D8676F}.Debug|Any CPU.ActiveCfg = Debug|Any CPU
		{A869D462-3E5D-45AA-83B5-260D35D8676F}.Debug|Any CPU.Build.0 = Debug|Any CPU
		{A869D462-3E5D-45AA-83B5-260D35D8676F}.Debug|x64.ActiveCfg = Debug|Any CPU
		{A869D462-3E5D-45AA-83B5-260D35D8676F}.Debug|x64.Build.0 = Debug|Any CPU
		{A869D462-3E5D-45AA-83B5-260D35D8676F}.Debug|x86.ActiveCfg = Debug|Any CPU
		{A869D462-3E5D-45AA-83B5-260D35D8676F}.Debug|x86.Build.0 = Debug|Any CPU
		{A869D462-3E5D-45AA-83B5-260D35D8676F}.Release|Any CPU.ActiveCfg = Release|Any CPU
		{A869D462-3E5D-45AA-83B5-260D35D8676F}.Release|Any CPU.Build.0 = Release|Any CPU
		{A869D462-3E5D-45AA-83B5-260D35D8676F}.Release|x64.ActiveCfg = Release|Any CPU
		{A869D462-3E5D-45AA-83B5-260D35D8676F}.Release|x64.Build.0 = Release|Any CPU
		{A869D462-3E5D-45AA-83B5-260D35D8676F}.Release|x86.ActiveCfg = Release|Any CPU
		{A869D462-3E5D-45AA-83B5-260D35D8676F}.Release|x86.Build.0 = Release|Any CPU
		{86C1F405-3A6B-4D04-84F1-8707C82F5901}.Debug|Any CPU.ActiveCfg = Debug|Any CPU
		{86C1F405-3A6B-4D04-84F1-8707C82F5901}.Debug|Any CPU.Build.0 = Debug|Any CPU
		{86C1F405-3A6B-4D04-84F1-8707C82F5901}.Debug|x64.ActiveCfg = Debug|Any CPU
		{86C1F405-3A6B-4D04-84F1-8707C82F5901}.Debug|x64.Build.0 = Debug|Any CPU
		{86C1F405-3A6B-4D04-84F1-8707C82F5901}.Debug|x86.ActiveCfg = Debug|Any CPU
		{86C1F405-3A6B-4D04-84F1-8707C82F5901}.Debug|x86.Build.0 = Debug|Any CPU
		{86C1F405-3A6B-4D04-84F1-8707C82F5901}.Release|Any CPU.ActiveCfg = Release|Any CPU
		{86C1F405-3A6B-4D04-84F1-8707C82F5901}.Release|Any CPU.Build.0 = Release|Any CPU
		{86C1F405-3A6B-4D04-84F1-8707C82F5901}.Release|x64.ActiveCfg = Release|Any CPU
		{86C1F405-3A6B-4D04-84F1-8707C82F5901}.Release|x64.Build.0 = Release|Any CPU
		{86C1F405-3A6B-4D04-84F1-8707C82F5901}.Release|x86.ActiveCfg = Release|Any CPU
		{86C1F405-3A6B-4D04-84F1-8707C82F5901}.Release|x86.Build.0 = Release|Any CPU
	EndGlobalSection
	GlobalSection(SolutionProperties) = preSolution
		HideSolutionNode = FALSE
	EndGlobalSection
EndGlobal
